
Microsoft Visual Studio Solution File, Format Version 12.00
Project("{FAE04EC0-301F-11D3-BF4B-00C04F79EFBC}") = "SolutionAnalysisBug", "SolutionAnalysisBug\SolutionAnalysisBug.csproj", "{81B1C7AF-A3D3-48DB-A132-EC155EDD34EA}"
EndProject
Global
	GlobalSection(SolutionConfigurationPlatforms) = preSolution
		Debug|Any CPU = Debug|Any CPU
		Release|Any CPU = Release|Any CPU
	EndGlobalSection
	GlobalSection(ProjectConfigurationPlatforms) = postSolution
		{81B1C7AF-A3D3-48DB-A132-EC155EDD34EA}.Debug|Any CPU.ActiveCfg = Debug|Any CPU
		{81B1C7AF-A3D3-48DB-A132-EC155EDD34EA}.Debug|Any CPU.Build.0 = Debug|Any CPU
		{81B1C7AF-A3D3-48DB-A132-EC155EDD34EA}.Release|Any CPU.ActiveCfg = Release|Any CPU
		{81B1C7AF-A3D3-48DB-A132-EC155EDD34EA}.Release|Any CPU.Build.0 = Release|Any CPU
	EndGlobalSection
EndGlobal
